
Microsoft Visual Studio Solution File, Format Version 12.00
# Visual Studio Version 16
VisualStudioVersion = 16.0.31605.320
MinimumVisualStudioVersion = 10.0.40219.1
Project("{FAE04EC0-301F-11D3-BF4B-00C04F79EFBC}") = "ExamenMeLi", "ExamenMeLi\ExamenMeLi.csproj", "{3B4AE10B-336F-4CA2-A269-39E041D61912}"
EndProject
Global
	GlobalSection(SolutionConfigurationPlatforms) = preSolution
		Debug|Any CPU = Debug|Any CPU
		Release|Any CPU = Release|Any CPU
	EndGlobalSection
	GlobalSection(ProjectConfigurationPlatforms) = postSolution
		{3B4AE10B-336F-4CA2-A269-39E041D61912}.Debug|Any CPU.ActiveCfg = Debug|Any CPU
		{3B4AE10B-336F-4CA2-A269-39E041D61912}.Debug|Any CPU.Build.0 = Debug|Any CPU
		{3B4AE10B-336F-4CA2-A269-39E041D61912}.Release|Any CPU.ActiveCfg = Release|Any CPU
		{3B4AE10B-336F-4CA2-A269-39E041D61912}.Release|Any CPU.Build.0 = Release|Any CPU
	EndGlobalSection
	GlobalSection(SolutionProperties) = preSolution
		HideSolutionNode = FALSE
	EndGlobalSection
	GlobalSection(ExtensibilityGlobals) = postSolution
		SolutionGuid = {82064407-7A68-4850-8623-96FA568C134C}
	EndGlobalSection
EndGlobal
